
Microsoft Visual Studio Solution File, Format Version 12.00
# Visual Studio Version 16
VisualStudioVersion = 16.0.29215.179
MinimumVisualStudioVersion = 10.0.40219.1
Project("{9A19103F-16F7-4668-BE54-9A1E7A4F7556}") = "secret_service", "src\secret_service\secret_service.csproj", "{84688013-41EC-4508-9732-5495FEC7C8BA}"
EndProject
Project("{9A19103F-16F7-4668-BE54-9A1E7A4F7556}") = "unittest", "src\test\unit\unittest.csproj", "{1EED2151-E8D9-4252-A34A-9798AA90425C}"
EndProject
Project("{2150E333-8FDC-42A3-9474-1A3956D46DE8}") = "documentation", "documentation", "{5B7591ED-65B6-4103-A7F7-E1B66A621C11}"
	ProjectSection(SolutionItems) = preProject
		FACTORY-TO-PROVIDER.md = FACTORY-TO-PROVIDER.md
		README.md = README.md
		CLAUDE.md = CLAUDE.md
		REFACTOR.md = REFACTOR.md
		README-EXAMPLE.md = README-EXAMPLE.md
	EndProjectSection
EndProject
Global
	GlobalSection(SolutionConfigurationPlatforms) = preSolution
		Debug|Any CPU = Debug|Any CPU
		Release|Any CPU = Release|Any CPU
	EndGlobalSection
	GlobalSection(ProjectConfigurationPlatforms) = postSolution
		{84688013-41EC-4508-9732-5495FEC7C8BA}.Debug|Any CPU.ActiveCfg = Debug|Any CPU
		{84688013-41EC-4508-9732-5495FEC7C8BA}.Debug|Any CPU.Build.0 = Debug|Any CPU
		{84688013-41EC-4508-9732-5495FEC7C8BA}.Release|Any CPU.ActiveCfg = Release|Any CPU
		{84688013-41EC-4508-9732-5495FEC7C8BA}.Release|Any CPU.Build.0 = Release|Any CPU
		{1EED2151-E8D9-4252-A34A-9798AA90425C}.Debug|Any CPU.ActiveCfg = Debug|Any CPU
		{1EED2151-E8D9-4252-A34A-9798AA90425C}.Debug|Any CPU.Build.0 = Debug|Any CPU
		{1EED2151-E8D9-4252-A34A-9798AA90425C}.Release|Any CPU.ActiveCfg = Release|Any CPU
		{1EED2151-E8D9-4252-A34A-9798AA90425C}.Release|Any CPU.Build.0 = Release|Any CPU
	EndGlobalSection
	GlobalSection(SolutionProperties) = preSolution
		HideSolutionNode = FALSE
	EndGlobalSection
	GlobalSection(ExtensibilityGlobals) = postSolution
		SolutionGuid = {0C505DF1-C876-4140-81F4-5B0D8687628D}
	EndGlobalSection
EndGlobal
